// !$*UTF8*$!
{
	archiveVersion = 1;
	classes = {
	};
	objectVersion = 56;
	objects = {

/* Begin PBXBuildFile section */
		F21ACFAA2C25F1C8002EF43B /* notDefteri.swift in Sources */ = {isa = PBXBuildFile; fileRef = F21ACFA92C25F1C8002EF43B /* notDefteri.swift */; };
		F21ACFAC2C260030002EF43B /* hesapMakinesi.swift in Sources */ = {isa = PBXBuildFile; fileRef = F21ACFAB2C260030002EF43B /* hesapMakinesi.swift */; };
		F251B43B2C25E2AB002E5C82 /* basicDepoApp.swift in Sources */ = {isa = PBXBuildFile; fileRef = F251B43A2C25E2AB002E5C82 /* basicDepoApp.swift */; };
		F251B43D2C25E2AB002E5C82 /* ContentView.swift in Sources */ = {isa = PBXBuildFile; fileRef = F251B43C2C25E2AB002E5C82 /* ContentView.swift */; };
		F251B43F2C25E2AD002E5C82 /* Assets.xcassets in Resources */ = {isa = PBXBuildFile; fileRef = F251B43E2C25E2AD002E5C82 /* Assets.xcassets */; };
		F251B4422C25E2AD002E5C82 /* Preview Assets.xcassets in Resources */ = {isa = PBXBuildFile; fileRef = F251B4412C25E2AD002E5C82 /* Preview Assets.xcassets */; };
		F251B4492C25E306002E5C82 /* mekanList.swift in Sources */ = {isa = PBXBuildFile; fileRef = F251B4482C25E306002E5C82 /* mekanList.swift */; };
		F251B44B2C25E837002E5C82 /* dismissButton.swift in Sources */ = {isa = PBXBuildFile; fileRef = F251B44A2C25E837002E5C82 /* dismissButton.swift */; };
/* End PBXBuildFile section */

/* Begin PBXFileReference section */
		F21ACFA92C25F1C8002EF43B /* notDefteri.swift */ = {isa = PBXFileReference; lastKnownFileType = sourcecode.swift; path = notDefteri.swift; sourceTree = "<group>"; };
		F21ACFAB2C260030002EF43B /* hesapMakinesi.swift */ = {isa = PBXFileReference; lastKnownFileType = sourcecode.swift; path = hesapMakinesi.swift; sourceTree = "<group>"; };
		F251B4372C25E2AB002E5C82 /* basicDepo.app */ = {isa = PBXFileReference; explicitFileType = wrapper.application; includeInIndex = 0; path = basicDepo.app; sourceTree = BUILT_PRODUCTS_DIR; };
		F251B43A2C25E2AB002E5C82 /* basicDepoApp.swift */ = {isa = PBXFileReference; lastKnownFileType = sourcecode.swift; path = basicDepoApp.swift; sourceTree = "<group>"; };
		F251B43C2C25E2AB002E5C82 /* ContentView.swift */ = {isa = PBXFileReference; lastKnownFileType = sourcecode.swift; path = ContentView.swift; sourceTree = "<group>"; };
		F251B43E2C25E2AD002E5C82 /* Assets.xcassets */ = {isa = PBXFileReference; lastKnownFileType = folder.assetcatalog; path = Assets.xcassets; sourceTree = "<group>"; };
		F251B4412C25E2AD002E5C82 /* Preview Assets.xcassets */ = {isa = PBXFileReference; lastKnownFileType = folder.assetcatalog; path = "Preview Assets.xcassets"; sourceTree = "<group>"; };
		F251B4482C25E306002E5C82 /* mekanList.swift */ = {isa = PBXFileReference; lastKnownFileType = sourcecode.swift; path = mekanList.swift; sourceTree = "<group>"; };
		F251B44A2C25E837002E5C82 /* dismissButton.swift */ = {isa = PBXFileReference; lastKnownFileType = sourcecode.swift; path = dismissButton.swift; sourceTree = "<group>"; };
/* End PBXFileReference section */

/* Begin PBXFrameworksBuildPhase section */
		F251B4342C25E2AB002E5C82 /* Frameworks */ = {
			isa = PBXFrameworksBuildPhase;
			buildActionMask = 2147483647;
			files = (
			);
			runOnlyForDeploymentPostprocessing = 0;
		};
/* End PBXFrameworksBuildPhase section */

/* Begin PBXGroup section */
		F251B42E2C25E2AB002E5C82 = {
			isa = PBXGroup;
			children = (
				F251B4392C25E2AB002E5C82 /* basicDepo */,
				F251B4382C25E2AB002E5C82 /* Products */,
			);
			sourceTree = "<group>";
		};
		F251B4382C25E2AB002E5C82 /* Products */ = {
			isa = PBXGroup;
			children = (
				F251B4372C25E2AB002E5C82 /* basicDepo.app */,
			);
			name = Products;
			sourceTree = "<group>";
		};
		F251B4392C25E2AB002E5C82 /* basicDepo */ = {
			isa = PBXGroup;
			children = (
				F251B43A2C25E2AB002E5C82 /* basicDepoApp.swift */,
				F251B43C2C25E2AB002E5C82 /* ContentView.swift */,
				F21ACFA92C25F1C8002EF43B /* notDefteri.swift */,
				F21ACFAB2C260030002EF43B /* hesapMakinesi.swift */,
				F251B4482C25E306002E5C82 /* mekanList.swift */,
				F251B44A2C25E837002E5C82 /* dismissButton.swift */,
				F251B43E2C25E2AD002E5C82 /* Assets.xcassets */,
				F251B4402C25E2AD002E5C82 /* Preview Content */,
			);
			path = basicDepo;
			sourceTree = "<group>";
		};
		F251B4402C25E2AD002E5C82 /* Preview Content */ = {
			isa = PBXGroup;
			children = (
				F251B4412C25E2AD002E5C82 /* Preview Assets.xcassets */,
			);
			path = "Preview Content";
			sourceTree = "<group>";
		};
/* End PBXGroup section */

/* Begin PBXNativeTarget section */
		F251B4362C25E2AB002E5C82 /* basicDepo */ = {
			isa = PBXNativeTarget;
			buildConfigurationList = F251B4452C25E2AD002E5C82 /* Build configuration list for PBXNativeTarget "basicDepo" */;
			buildPhases = (
				F251B4332C25E2AB002E5C82 /* Sources */,
				F251B4342C25E2AB002E5C82 /* Frameworks */,
				F251B4352C25E2AB002E5C82 /* Resources */,
			);
			buildRules = (
			);
			dependencies = (
			);
			name = basicDepo;
			productName = basicDepo;
			productReference = F251B4372C25E2AB002E5C82 /* basicDepo.app */;
			productType = "com.apple.product-type.application";
		};
/* End PBXNativeTarget section */

/* Begin PBXProject section */
		F251B42F2C25E2AB002E5C82 /* Project object */ = {
			isa = PBXProject;
			attributes = {
				BuildIndependentTargetsInParallel = 1;
				LastSwiftUpdateCheck = 1540;
				LastUpgradeCheck = 1540;
				TargetAttributes = {
					F251B4362C25E2AB002E5C82 = {
						CreatedOnToolsVersion = 15.4;
					};
				};
			};
			buildConfigurationList = F251B4322C25E2AB002E5C82 /* Build configuration list for PBXProject "basicDepo" */;
			compatibilityVersion = "Xcode 14.0";
			developmentRegion = en;
			hasScannedForEncodings = 0;
			knownRegions = (
				en,
				Base,
			);
			mainGroup = F251B42E2C25E2AB002E5C82;
			productRefGroup = F251B4382C25E2AB002E5C82 /* Products */;
			projectDirPath = "";
			projectRoot = "";
			targets = (
				F251B4362C25E2AB002E5C82 /* basicDepo */,
			);
		};
/* End PBXProject section */

/* Begin PBXResourcesBuildPhase section */
		F251B4352C25E2AB002E5C82 /* Resources */ = {
			isa = PBXResourcesBuildPhase;
			buildActionMask = 2147483647;
			files = (
				F251B4422C25E2AD002E5C82 /* Preview Assets.xcassets in Resources */,
				F251B43F2C25E2AD002E5C82 /* Assets.xcassets in Resources */,
			);
			runOnlyForDeploymentPostprocessing = 0;
		};
/* End PBXResourcesBuildPhase section */

/* Begin PBXSourcesBuildPhase section */
		F251B4332C25E2AB002E5C82 /* Sources */ = {
			isa = PBXSourcesBuildPhase;
			buildActionMask = 2147483647;
			files = (
				F21ACFAA2C25F1C8002EF43B /* notDefteri.swift in Sources */,
				F251B43D2C25E2AB002E5C82 /* ContentView.swift in Sources */,
				F251B43B2C25E2AB002E5C82 /* basicDepoApp.swift in Sources */,
				F251B44B2C25E837002E5C82 /* dismissButton.swift in Sources */,
				F21ACFAC2C260030002EF43B /* hesapMakinesi.swift in Sources */,
				F251B4492C25E306002E5C82 /* mekanList.swift in Sources */,
			);
			runOnlyForDeploymentPostprocessing = 0;
		};
/* End PBXSourcesBuildPhase section */

/* Begin XCBuildConfiguration section */
		F251B4432C25E2AD002E5C82 /* Debug */ = {
			isa = XCBuildConfiguration;
			buildSettings = {
				ALWAYS_SEARCH_USER_PATHS = NO;
				ASSETCATALOG_COMPILER_GENERATE_SWIFT_ASSET_SYMBOL_EXTENSIONS = YES;
				CLANG_ANALYZER_NONNULL = YES;
				CLANG_ANALYZER_NUMBER_OBJECT_CONVERSION = YES_AGGRESSIVE;
				CLANG_CXX_LANGUAGE_STANDARD = "gnu++20";
				CLANG_ENABLE_MODULES = YES;
				CLANG_ENABLE_OBJC_ARC = YES;
				CLANG_ENABLE_OBJC_WEAK = YES;
				CLANG_WARN_BLOCK_CAPTURE_AUTORELEASING = YES;
				CLANG_WARN_BOOL_CONVERSION = YES;
				CLANG_WARN_COMMA = YES;
				CLANG_WARN_CONSTANT_CONVERSION = YES;
				CLANG_WARN_DEPRECATED_OBJC_IMPLEMENTATIONS = YES;
				CLANG_WARN_DIRECT_OBJC_ISA_USAGE = YES_ERROR;
				CLANG_WARN_DOCUMENTATION_COMMENTS = YES;
				CLANG_WARN_EMPTY_BODY = YES;
				CLANG_WARN_ENUM_CONVERSION = YES;
				CLANG_WARN_INFINITE_RECURSION = YES;
				CLANG_WARN_INT_CONVERSION = YES;
				CLANG_WARN_NON_LITERAL_NULL_CONVERSION = YES;
				CLANG_WARN_OBJC_IMPLICIT_RETAIN_SELF = YES;
				CLANG_WARN_OBJC_LITERAL_CONVERSION = YES;
				CLANG_WARN_OBJC_ROOT_CLASS = YES_ERROR;
				CLANG_WARN_QUOTED_INCLUDE_IN_FRAMEWORK_HEADER = YES;
				CLANG_WARN_RANGE_LOOP_ANALYSIS = YES;
				CLANG_WARN_STRICT_PROTOTYPES = YES;
				CLANG_WARN_SUSPICIOUS_MOVE = YES;
				CLANG_WARN_UNGUARDED_AVAILABILITY = YES_AGGRESSIVE;
				CLANG_WARN_UNREACHABLE_CODE = YES;
				CLANG_WARN__DUPLICATE_METHOD_MATCH = YES;
				COPY_PHASE_STRIP = NO;
				DEBUG_INFORMATION_FORMAT = dwarf;
				ENABLE_STRICT_OBJC_MSGSEND = YES;
				ENABLE_TESTABILITY = YES;
				ENABLE_USER_SCRIPT_SANDBOXING = YES;
				GCC_C_LANGUAGE_STANDARD = gnu17;
				GCC_DYNAMIC_NO_PIC = NO;
				GCC_NO_COMMON_BLOCKS = YES;
				GCC_OPTIMIZATION_LEVEL = 0;
				GCC_PREPROCESSOR_DEFINITIONS = (
					"DEBUG=1",
					"$(inherited)",
				);
				GCC_WARN_64_TO_32_BIT_CONVERSION = YES;
				GCC_WARN_ABOUT_RETURN_TYPE = YES_ERROR;
				GCC_WARN_UNDECLARED_SELECTOR = YES;
				GCC_WARN_UNINITIALIZED_AUTOS = YES_AGGRESSIVE;
				GCC_WARN_UNUSED_FUNCTION = YES;
				GCC_WARN_UNUSED_VARIABLE = YES;
				IPHONEOS_DEPLOYMENT_TARGET = 17.5;
				LOCALIZATION_PREFERS_STRING_CATALOGS = YES;
				MTL_ENABLE_DEBUG_INFO = INCLUDE_SOURCE;
				MTL_FAST_MATH = YES;
				ONLY_ACTIVE_ARCH = YES;
				SDKROOT = iphoneos;
				SWIFT_ACTIVE_COMPILATION_CONDITIONS = "DEBUG $(inherited)";
				SWIFT_OPTIMIZATION_LEVEL = "-Onone";
			};
			name = Debug;
		};
		F251B4442C25E2AD002E5C82 /* Release */ = {
			isa = XCBuildConfiguration;
			buildSettings = {
				ALWAYS_SEARCH_USER_PATHS = NO;
				ASSETCATALOG_COMPILER_GENERATE_SWIFT_ASSET_SYMBOL_EXTENSIONS = YES;
				CLANG_ANALYZER_NONNULL = YES;
				CLANG_ANALYZER_NUMBER_OBJECT_CONVERSION = YES_AGGRESSIVE;
				CLANG_CXX_LANGUAGE_STANDARD = "gnu++20";
				CLANG_ENABLE_MODULES = YES;
				CLANG_ENABLE_OBJC_ARC = YES;
				CLANG_ENABLE_OBJC_WEAK = YES;
				CLANG_WARN_BLOCK_CAPTURE_AUTORELEASING = YES;
				CLANG_WARN_BOOL_CONVERSION = YES;
				CLANG_WARN_COMMA = YES;
				CLANG_WARN_CONSTANT_CONVERSION = YES;
				CLANG_WARN_DEPRECATED_OBJC_IMPLEMENTATIONS = YES;
				CLANG_WARN_DIRECT_OBJC_ISA_USAGE = YES_ERROR;
				CLANG_WARN_DOCUMENTATION_COMMENTS = YES;
				CLANG_WARN_EMPTY_BODY = YES;
				CLANG_WARN_ENUM_CONVERSION = YES;
				CLANG_WARN_INFINITE_RECURSION = YES;
				CLANG_WARN_INT_CONVERSION = YES;
				CLANG_WARN_NON_LITERAL_NULL_CONVERSION = YES;
				CLANG_WARN_OBJC_IMPLICIT_RETAIN_SELF = YES;
				CLANG_WARN_OBJC_LITERAL_CONVERSION = YES;
				CLANG_WARN_OBJC_ROOT_CLASS = YES_ERROR;
				CLANG_WARN_QUOTED_INCLUDE_IN_FRAMEWORK_HEADER = YES;
				CLANG_WARN_RANGE_LOOP_ANALYSIS = YES;
				CLANG_WARN_STRICT_PROTOTYPES = YES;
				CLANG_WARN_SUSPICIOUS_MOVE = YES;
				CLANG_WARN_UNGUARDED_AVAILABILITY = YES_AGGRESSIVE;
				CLANG_WARN_UNREACHABLE_CODE = YES;
				CLANG_WARN__DUPLICATE_METHOD_MATCH = YES;
				COPY_PHASE_STRIP = NO;
				DEBUG_INFORMATION_FORMAT = "dwarf-with-dsym";
				ENABLE_NS_ASSERTIONS = NO;
				ENABLE_STRICT_OBJC_MSGSEND = YES;
				ENABLE_USER_SCRIPT_SANDBOXING = YES;
				GCC_C_LANGUAGE_STANDARD = gnu17;
				GCC_NO_COMMON_BLOCKS = YES;
				GCC_WARN_64_TO_32_BIT_CONVERSION = YES;
				GCC_WARN_ABOUT_RETURN_TYPE = YES_ERROR;
				GCC_WARN_UNDECLARED_SELECTOR = YES;
				GCC_WARN_UNINITIALIZED_AUTOS = YES_AGGRESSIVE;
				GCC_WARN_UNUSED_FUNCTION = YES;
				GCC_WARN_UNUSED_VARIABLE = YES;
				IPHONEOS_DEPLOYMENT_TARGET = 17.5;
				LOCALIZATION_PREFERS_STRING_CATALOGS = YES;
				MTL_ENABLE_DEBUG_INFO = NO;
				MTL_FAST_MATH = YES;
				SDKROOT = iphoneos;
				SWIFT_COMPILATION_MODE = wholemodule;
				VALIDATE_PRODUCT = YES;
			};
			name = Release;
		};
		F251B4462C25E2AD002E5C82 /* Debug */ = {
			isa = XCBuildConfiguration;
			buildSettings = {
				ASSETCATALOG_COMPILER_APPICON_NAME = AppIcon;
				ASSETCATALOG_COMPILER_GLOBAL_ACCENT_COLOR_NAME = AccentColor;
				CODE_SIGN_STYLE = Automatic;
				CURRENT_PROJECT_VERSION = 1;
				DEVELOPMENT_ASSET_PATHS = "\"basicDepo/Preview Content\"";
				DEVELOPMENT_TEAM = 559CFB8D42;
				ENABLE_PREVIEWS = YES;
				GENERATE_INFOPLIST_FILE = YES;
				INFOPLIST_KEY_UIApplicationSceneManifest_Generation = YES;
				INFOPLIST_KEY_UIApplicationSupportsIndirectInputEvents = YES;
				INFOPLIST_KEY_UILaunchScreen_Generation = YES;
				INFOPLIST_KEY_UISupportedInterfaceOrientations_iPad = "UIInterfaceOrientationPortrait UIInterfaceOrientationPortraitUpsideDown UIInterfaceOrientationLandscapeLeft UIInterfaceOrientationLandscapeRight";
				INFOPLIST_KEY_UISupportedInterfaceOrientations_iPhone = "UIInterfaceOrientationPortrait UIInterfaceOrientationLandscapeLeft UIInterfaceOrientationLandscapeRight";
				LD_RUNPATH_SEARCH_PATHS = (
					"$(inherited)",
					"@executable_path/Frameworks",
				);
				MARKETING_VERSION = 1.0;
				PRODUCT_BUNDLE_IDENTIFIER = com.techN9ne.basicDepo;
				PRODUCT_NAME = "$(TARGET_NAME)";
				SWIFT_EMIT_LOC_STRINGS = YES;
				SWIFT_VERSION = 5.0;
				TARGETED_DEVICE_FAMILY = "1,2";
			};
			name = Debug;
		};
		F251B4472C25E2AD002E5C82 /* Release */ = {
			isa = XCBuildConfiguration;
			buildSettings = {
				ASSETCATALOG_COMPILER_APPICON_NAME = AppIcon;
				ASSETCATALOG_COMPILER_GLOBAL_ACCENT_COLOR_NAME = AccentColor;
				CODE_SIGN_STYLE = Automatic;
				CURRENT_PROJECT_VERSION = 1;
				DEVELOPMENT_ASSET_PATHS = "\"basicDepo/Preview Content\"";
				DEVELOPMENT_TEAM = 559CFB8D42;
				ENABLE_PREVIEWS = YES;
				GENERATE_INFOPLIST_FILE = YES;
				INFOPLIST_KEY_UIApplicationSceneManifest_Generation = YES;
				INFOPLIST_KEY_UIApplicationSupportsIndirectInputEvents = YES;
				INFOPLIST_KEY_UILaunchScreen_Generation = YES;
				INFOPLIST_KEY_UISupportedInterfaceOrientations_iPad = "UIInterfaceOrientationPortrait UIInterfaceOrientationPortraitUpsideDown UIInterfaceOrientationLandscapeLeft UIInterfaceOrientationLandscapeRight";
				INFOPLIST_KEY_UISupportedInterfaceOrientations_iPhone = "UIInterfaceOrientationPortrait UIInterfaceOrientationLandscapeLeft UIInterfaceOrientationLandscapeRight";
				LD_RUNPATH_SEARCH_PATHS = (
					"$(inherited)",
					"@executable_path/Frameworks",
				);
				MARKETING_VERSION = 1.0;
				PRODUCT_BUNDLE_IDENTIFIER = com.techN9ne.basicDepo;
				PRODUCT_NAME = "$(TARGET_NAME)";
				SWIFT_EMIT_LOC_STRINGS = YES;
				SWIFT_VERSION = 5.0;
				TARGETED_DEVICE_FAMILY = "1,2";
			};
			name = Release;
		};
/* End XCBuildConfiguration section */

/* Begin XCConfigurationList section */
		F251B4322C25E2AB002E5C82 /* Build configuration list for PBXProject "basicDepo" */ = {
			isa = XCConfigurationList;
			buildConfigurations = (
				F251B4432C25E2AD002E5C82 /* Debug */,
				F251B4442C25E2AD002E5C82 /* Release */,
			);
			defaultConfigurationIsVisible = 0;
			defaultConfigurationName = Release;
		};
		F251B4452C25E2AD002E5C82 /* Build configuration list for PBXNativeTarget "basicDepo" */ = {
			isa = XCConfigurationList;
			buildConfigurations = (
				F251B4462C25E2AD002E5C82 /* Debug */,
				F251B4472C25E2AD002E5C82 /* Release */,
			);
			defaultConfigurationIsVisible = 0;
			defaultConfigurationName = Release;
		};
/* End XCConfigurationList section */
	};
	rootObject = F251B42F2C25E2AB002E5C82 /* Project object */;
}
